
Microsoft Visual Studio Solution File, Format Version 12.00
# Visual Studio Version 17
VisualStudioVersion = 17.5.002.0
MinimumVisualStudioVersion = 10.0.40219.1
Project("{9A19103F-16F7-4668-BE54-9A1E7A4F7556}") = "RPGGame.Tests", "RPGGame.Tests\RPGGame.Tests.csproj", "{278B2A1E-2454-4E97-9D13-144CE7BF15C8}"
EndProject
Project("{9A19103F-16F7-4668-BE54-9A1E7A4F7556}") = "RPGGame", "RPGGame\RPGGame.csproj", "{86E5FF92-7A48-4BBE-B9BE-75325F47A895}"
EndProject
Global
	GlobalSection(SolutionConfigurationPlatforms) = preSolution
		Debug|Any CPU = Debug|Any CPU
		Release|Any CPU = Release|Any CPU
	EndGlobalSection
	GlobalSection(ProjectConfigurationPlatforms) = postSolution
		{278B2A1E-2454-4E97-9D13-144CE7BF15C8}.Debug|Any CPU.ActiveCfg = Debug|Any CPU
		{278B2A1E-2454-4E97-9D13-144CE7BF15C8}.Debug|Any CPU.Build.0 = Debug|Any CPU
		{278B2A1E-2454-4E97-9D13-144CE7BF15C8}.Release|Any CPU.ActiveCfg = Release|Any CPU
		{278B2A1E-2454-4E97-9D13-144CE7BF15C8}.Release|Any CPU.Build.0 = Release|Any CPU
		{86E5FF92-7A48-4BBE-B9BE-75325F47A895}.Debug|Any CPU.ActiveCfg = Debug|Any CPU
		{86E5FF92-7A48-4BBE-B9BE-75325F47A895}.Debug|Any CPU.Build.0 = Debug|Any CPU
		{86E5FF92-7A48-4BBE-B9BE-75325F47A895}.Release|Any CPU.ActiveCfg = Release|Any CPU
		{86E5FF92-7A48-4BBE-B9BE-75325F47A895}.Release|Any CPU.Build.0 = Release|Any CPU
	EndGlobalSection
	GlobalSection(SolutionProperties) = preSolution
		HideSolutionNode = FALSE
	EndGlobalSection
	GlobalSection(ExtensibilityGlobals) = postSolution
		SolutionGuid = {A7EF9702-E047-4B81-ABB1-5199C9EBFA38}
	EndGlobalSection
EndGlobal
